
Microsoft Visual Studio Solution File, Format Version 12.00
# Visual Studio Version 17
VisualStudioVersion = 17.2.32616.157
MinimumVisualStudioVersion = 10.0.40219.1
Project("{FAE04EC0-301F-11D3-BF4B-00C04F79EFBC}") = "GatewayServer", "GatewayServer\GatewayServer.csproj", "{DD2511FF-5975-40E4-9CED-1B7D4BBD0EF3}"
EndProject
Project("{FAE04EC0-301F-11D3-BF4B-00C04F79EFBC}") = "GatewayClient", "GatewayClient\GatewayClient.csproj", "{6F07B7C1-070B-4CAC-837B-EF19AE59BFBF}"
EndProject
Global
	GlobalSection(SolutionConfigurationPlatforms) = preSolution
		Debug|Any CPU = Debug|Any CPU
		Release|Any CPU = Release|Any CPU
	EndGlobalSection
	GlobalSection(ProjectConfigurationPlatforms) = postSolution
		{DD2511FF-5975-40E4-9CED-1B7D4BBD0EF3}.Debug|Any CPU.ActiveCfg = Debug|Any CPU
		{DD2511FF-5975-40E4-9CED-1B7D4BBD0EF3}.Debug|Any CPU.Build.0 = Debug|Any CPU
		{DD2511FF-5975-40E4-9CED-1B7D4BBD0EF3}.Release|Any CPU.ActiveCfg = Release|Any CPU
		{DD2511FF-5975-40E4-9CED-1B7D4BBD0EF3}.Release|Any CPU.Build.0 = Release|Any CPU
		{6F07B7C1-070B-4CAC-837B-EF19AE59BFBF}.Debug|Any CPU.ActiveCfg = Debug|Any CPU
		{6F07B7C1-070B-4CAC-837B-EF19AE59BFBF}.Debug|Any CPU.Build.0 = Debug|Any CPU
		{6F07B7C1-070B-4CAC-837B-EF19AE59BFBF}.Release|Any CPU.ActiveCfg = Release|Any CPU
		{6F07B7C1-070B-4CAC-837B-EF19AE59BFBF}.Release|Any CPU.Build.0 = Release|Any CPU
	EndGlobalSection
	GlobalSection(SolutionProperties) = preSolution
		HideSolutionNode = FALSE
	EndGlobalSection
	GlobalSection(ExtensibilityGlobals) = postSolution
		SolutionGuid = {6778ACC3-8006-4DD8-9631-24C4DABB99CB}
	EndGlobalSection
EndGlobal
